
Microsoft Visual Studio Solution File, Format Version 12.00
# Visual Studio Version 16
VisualStudioVersion = 16.0.29709.97
MinimumVisualStudioVersion = 10.0.40219.1
Project("{FAE04EC0-301F-11D3-BF4B-00C04F79EFBC}") = "TEST_PLUGIN", "TEST_PLUGIN\TEST_PLUGIN.csproj", "{AF05EE64-3D4D-416C-B553-E6A616F30760}"
EndProject
Global
	GlobalSection(SolutionConfigurationPlatforms) = preSolution
		Debug|Any CPU = Debug|Any CPU
		Release|Any CPU = Release|Any CPU
	EndGlobalSection
	GlobalSection(ProjectConfigurationPlatforms) = postSolution
		{AF05EE64-3D4D-416C-B553-E6A616F30760}.Debug|Any CPU.ActiveCfg = Debug|Any CPU
		{AF05EE64-3D4D-416C-B553-E6A616F30760}.Debug|Any CPU.Build.0 = Debug|Any CPU
		{AF05EE64-3D4D-416C-B553-E6A616F30760}.Release|Any CPU.ActiveCfg = Release|Any CPU
		{AF05EE64-3D4D-416C-B553-E6A616F30760}.Release|Any CPU.Build.0 = Release|Any CPU
	EndGlobalSection
	GlobalSection(SolutionProperties) = preSolution
		HideSolutionNode = FALSE
	EndGlobalSection
	GlobalSection(ExtensibilityGlobals) = postSolution
		SolutionGuid = {D6E40FBE-8B6F-4589-8689-71C0E6AFE172}
	EndGlobalSection
EndGlobal
